github.com/nunocoracao/blowfish/v2 v2.65.0 h1:dILj1VfJvK7e40TYhi4KWXoiQFWl0h+PsAUuGtXJ3+g=
github.com/nunocoracao/blowfish/v2 v2.65.0/go.mod h1:4SkMc+Ht8gpQCwArqiHMBDP3soxi2OWuAhVney+cuyk=
github.com/nunocoracao/blowfish/v2 v2.75.0 h1:tCfhpeTmBcDqLy4JBEYfrQw/Ou24ZVAcicmNbh4APds=
github.com/nunocoracao/blowfish/v2 v2.75.0/go.mod h1:4SkMc+Ht8gpQCwArqiHMBDP3soxi2OWuAhVney+cuyk=
